
Microsoft Visual Studio Solution File, Format Version 12.00
# Visual Studio Version 16
VisualStudioVersion = 16.0.30114.105
MinimumVisualStudioVersion = 10.0.40219.1
Project("{9A19103F-16F7-4668-BE54-9A1E7A4F7556}") = "CollectedSamples", "CollectedSamples\CollectedSamples.csproj", "{75C0D883-B8B3-4FB5-82DA-11AF698A413D}"
EndProject
Project("{FAE04EC0-301F-11D3-BF4B-00C04F79EFBC}") = "CollectedSamples.Android", "CollectedSamples.Android\CollectedSamples.Android.csproj", "{AEAFB723-32C8-4D23-8BA5-5F539EC318FE}"
EndProject
Global
	GlobalSection(SolutionConfigurationPlatforms) = preSolution
		Debug|Any CPU = Debug|Any CPU
		Release|Any CPU = Release|Any CPU
	EndGlobalSection
	GlobalSection(ProjectConfigurationPlatforms) = postSolution
		{75C0D883-B8B3-4FB5-82DA-11AF698A413D}.Debug|Any CPU.ActiveCfg = Debug|Any CPU
		{75C0D883-B8B3-4FB5-82DA-11AF698A413D}.Debug|Any CPU.Build.0 = Debug|Any CPU
		{75C0D883-B8B3-4FB5-82DA-11AF698A413D}.Release|Any CPU.ActiveCfg = Release|Any CPU
		{75C0D883-B8B3-4FB5-82DA-11AF698A413D}.Release|Any CPU.Build.0 = Release|Any CPU
		{AEAFB723-32C8-4D23-8BA5-5F539EC318FE}.Debug|Any CPU.ActiveCfg = Debug|Any CPU
		{AEAFB723-32C8-4D23-8BA5-5F539EC318FE}.Debug|Any CPU.Build.0 = Debug|Any CPU
		{AEAFB723-32C8-4D23-8BA5-5F539EC318FE}.Debug|Any CPU.Deploy.0 = Debug|Any CPU
		{AEAFB723-32C8-4D23-8BA5-5F539EC318FE}.Release|Any CPU.ActiveCfg = Release|Any CPU
		{AEAFB723-32C8-4D23-8BA5-5F539EC318FE}.Release|Any CPU.Build.0 = Release|Any CPU
		{AEAFB723-32C8-4D23-8BA5-5F539EC318FE}.Release|Any CPU.Deploy.0 = Release|Any CPU
	EndGlobalSection
	GlobalSection(SolutionProperties) = preSolution
		HideSolutionNode = FALSE
	EndGlobalSection
	GlobalSection(ExtensibilityGlobals) = postSolution
		SolutionGuid = {2AD46F1D-6FEB-44A9-BF93-EE127ACDF33B}
	EndGlobalSection
EndGlobal
